
Microsoft Visual Studio Solution File, Format Version 12.00
# Visual Studio 15
VisualStudioVersion = 15.0.26730.15
MinimumVisualStudioVersion = 10.0.40219.1
Project("{FAE04EC0-301F-11D3-BF4B-00C04F79EFBC}") = "DebitCardNumber", "DebitCardNumber\DebitCardNumber.csproj", "{2452A21F-0ABF-4E99-9EF1-258A1612937F}"
EndProject
Project("{FAE04EC0-301F-11D3-BF4B-00C04F79EFBC}") = "RectangleArea", "RectangleArea\RectangleArea.csproj", "{1429A8EB-AE77-4FC2-81DF-E167C66CEE18}"
EndProject
Project("{FAE04EC0-301F-11D3-BF4B-00C04F79EFBC}") = "MilesToKilometers", "MilesToKilometers\MilesToKilometers.csproj", "{1A0ECC19-EC8F-47B3-9DC5-EF9BD9DC0F42}"
EndProject
Project("{FAE04EC0-301F-11D3-BF4B-00C04F79EFBC}") = "BeverageLabels", "BeverageLabels\BeverageLabels.csproj", "{8FA6EB80-AB29-462A-8D44-020FE35856C2}"
EndProject
Project("{FAE04EC0-301F-11D3-BF4B-00C04F79EFBC}") = "CharacterStats", "CharacterStats\CharacterStats.csproj", "{7ADD6524-AF5A-499F-91E1-0E042F7A0437}"
EndProject
Global
	GlobalSection(SolutionConfigurationPlatforms) = preSolution
		Debug|Any CPU = Debug|Any CPU
		Release|Any CPU = Release|Any CPU
	EndGlobalSection
	GlobalSection(ProjectConfigurationPlatforms) = postSolution
		{2452A21F-0ABF-4E99-9EF1-258A1612937F}.Debug|Any CPU.ActiveCfg = Debug|Any CPU
		{2452A21F-0ABF-4E99-9EF1-258A1612937F}.Debug|Any CPU.Build.0 = Debug|Any CPU
		{2452A21F-0ABF-4E99-9EF1-258A1612937F}.Release|Any CPU.ActiveCfg = Release|Any CPU
		{2452A21F-0ABF-4E99-9EF1-258A1612937F}.Release|Any CPU.Build.0 = Release|Any CPU
		{1429A8EB-AE77-4FC2-81DF-E167C66CEE18}.Debug|Any CPU.ActiveCfg = Debug|Any CPU
		{1429A8EB-AE77-4FC2-81DF-E167C66CEE18}.Debug|Any CPU.Build.0 = Debug|Any CPU
		{1429A8EB-AE77-4FC2-81DF-E167C66CEE18}.Release|Any CPU.ActiveCfg = Release|Any CPU
		{1429A8EB-AE77-4FC2-81DF-E167C66CEE18}.Release|Any CPU.Build.0 = Release|Any CPU
		{1A0ECC19-EC8F-47B3-9DC5-EF9BD9DC0F42}.Debug|Any CPU.ActiveCfg = Debug|Any CPU
		{1A0ECC19-EC8F-47B3-9DC5-EF9BD9DC0F42}.Debug|Any CPU.Build.0 = Debug|Any CPU
		{1A0ECC19-EC8F-47B3-9DC5-EF9BD9DC0F42}.Release|Any CPU.ActiveCfg = Release|Any CPU
		{1A0ECC19-EC8F-47B3-9DC5-EF9BD9DC0F42}.Release|Any CPU.Build.0 = Release|Any CPU
		{8FA6EB80-AB29-462A-8D44-020FE35856C2}.Debug|Any CPU.ActiveCfg = Debug|Any CPU
		{8FA6EB80-AB29-462A-8D44-020FE35856C2}.Debug|Any CPU.Build.0 = Debug|Any CPU
		{8FA6EB80-AB29-462A-8D44-020FE35856C2}.Release|Any CPU.ActiveCfg = Release|Any CPU
		{8FA6EB80-AB29-462A-8D44-020FE35856C2}.Release|Any CPU.Build.0 = Release|Any CPU
		{7ADD6524-AF5A-499F-91E1-0E042F7A0437}.Debug|Any CPU.ActiveCfg = Debug|Any CPU
		{7ADD6524-AF5A-499F-91E1-0E042F7A0437}.Debug|Any CPU.Build.0 = Debug|Any CPU
		{7ADD6524-AF5A-499F-91E1-0E042F7A0437}.Release|Any CPU.ActiveCfg = Release|Any CPU
		{7ADD6524-AF5A-499F-91E1-0E042F7A0437}.Release|Any CPU.Build.0 = Release|Any CPU
	EndGlobalSection
	GlobalSection(SolutionProperties) = preSolution
		HideSolutionNode = FALSE
	EndGlobalSection
	GlobalSection(ExtensibilityGlobals) = postSolution
		SolutionGuid = {F94F9C37-535E-4C4D-B2FF-F44700EE41F3}
	EndGlobalSection
EndGlobal
